// !$*UTF8*$!
{
	archiveVersion = 1;
	classes = {
	};
	objectVersion = 50;
	objects = {

/* Begin PBXBuildFile section */
		91291EC822E7EFAB009AF52F /* demo.PNG in Resources */ = {isa = PBXBuildFile; fileRef = 91291EC722E7EFAB009AF52F /* demo.PNG */; };
		91E7C15622DC4A6900C3EB04 /* AppDelegate.m in Sources */ = {isa = PBXBuildFile; fileRef = 91E7C15522DC4A6900C3EB04 /* AppDelegate.m */; };
		91E7C15922DC4A6900C3EB04 /* ViewController.m in Sources */ = {isa = PBXBuildFile; fileRef = 91E7C15822DC4A6900C3EB04 /* ViewController.m */; };
		91E7C15C22DC4A6900C3EB04 /* Main.storyboard in Resources */ = {isa = PBXBuildFile; fileRef = 91E7C15A22DC4A6900C3EB04 /* Main.storyboard */; };
		91E7C15E22DC4A6C00C3EB04 /* Assets.xcassets in Resources */ = {isa = PBXBuildFile; fileRef = 91E7C15D22DC4A6C00C3EB04 /* Assets.xcassets */; };
		91E7C16122DC4A6C00C3EB04 /* LaunchScreen.storyboard in Resources */ = {isa = PBXBuildFile; fileRef = 91E7C15F22DC4A6C00C3EB04 /* LaunchScreen.storyboard */; };
		91E7C16422DC4A6C00C3EB04 /* main.m in Sources */ = {isa = PBXBuildFile; fileRef = 91E7C16322DC4A6C00C3EB04 /* main.m */; };
		91E7C16E22DC4A6C00C3EB04 /* AnimationCellTests.m in Sources */ = {isa = PBXBuildFile; fileRef = 91E7C16D22DC4A6C00C3EB04 /* AnimationCellTests.m */; };
		91E7C17922DC4A6C00C3EB04 /* AnimationCellUITests.m in Sources */ = {isa = PBXBuildFile; fileRef = 91E7C17822DC4A6C00C3EB04 /* AnimationCellUITests.m */; };
		91E7C18822DC4D4100C3EB04 /* TestModel.m in Sources */ = {isa = PBXBuildFile; fileRef = 91E7C18722DC4D4100C3EB04 /* TestModel.m */; };
		91E7C18B22DC4EBA00C3EB04 /* TestTableViewCell.m in Sources */ = {isa = PBXBuildFile; fileRef = 91E7C18A22DC4EBA00C3EB04 /* TestTableViewCell.m */; };
		91E7C18E22DC4FDD00C3EB04 /* UIView+Frame.m in Sources */ = {isa = PBXBuildFile; fileRef = 91E7C18C22DC4FDC00C3EB04 /* UIView+Frame.m */; };
/* End PBXBuildFile section */

/* Begin PBXContainerItemProxy section */
		91E7C16A22DC4A6C00C3EB04 /* PBXContainerItemProxy */ = {
			isa = PBXContainerItemProxy;
			containerPortal = 91E7C14922DC4A6900C3EB04 /* Project object */;
			proxyType = 1;
			remoteGlobalIDString = 91E7C15022DC4A6900C3EB04;
			remoteInfo = AnimationCell;
		};
		91E7C17522DC4A6C00C3EB04 /* PBXContainerItemProxy */ = {
			isa = PBXContainerItemProxy;
			containerPortal = 91E7C14922DC4A6900C3EB04 /* Project object */;
			proxyType = 1;
			remoteGlobalIDString = 91E7C15022DC4A6900C3EB04;
			remoteInfo = AnimationCell;
		};
/* End PBXContainerItemProxy section */

/* Begin PBXFileReference section */
		91291EC722E7EFAB009AF52F /* demo.PNG */ = {isa = PBXFileReference; lastKnownFileType = image.png; path = demo.PNG; sourceTree = "<group>"; };
		91E7C15122DC4A6900C3EB04 /* AnimationCell.app */ = {isa = PBXFileReference; explicitFileType = wrapper.application; includeInIndex = 0; path = AnimationCell.app; sourceTree = BUILT_PRODUCTS_DIR; };
		91E7C15422DC4A6900C3EB04 /* AppDelegate.h */ = {isa = PBXFileReference; lastKnownFileType = sourcecode.c.h; path = AppDelegate.h; sourceTree = "<group>"; };
		91E7C15522DC4A6900C3EB04 /* AppDelegate.m */ = {isa = PBXFileReference; lastKnownFileType = sourcecode.c.objc; path = AppDelegate.m; sourceTree = "<group>"; };
		91E7C15722DC4A6900C3EB04 /* ViewController.h */ = {isa = PBXFileReference; lastKnownFileType = sourcecode.c.h; path = ViewController.h; sourceTree = "<group>"; };
		91E7C15822DC4A6900C3EB04 /* ViewController.m */ = {isa = PBXFileReference; lastKnownFileType = sourcecode.c.objc; path = ViewController.m; sourceTree = "<group>"; };
		91E7C15B22DC4A6900C3EB04 /* Base */ = {isa = PBXFileReference; lastKnownFileType = file.storyboard; name = Base; path = Base.lproj/Main.storyboard; sourceTree = "<group>"; };
		91E7C15D22DC4A6C00C3EB04 /* Assets.xcassets */ = {isa = PBXFileReference; lastKnownFileType = folder.assetcatalog; path = Assets.xcassets; sourceTree = "<group>"; };
		91E7C16022DC4A6C00C3EB04 /* Base */ = {isa = PBXFileReference; lastKnownFileType = file.storyboard; name = Base; path = Base.lproj/LaunchScreen.storyboard; sourceTree = "<group>"; };
		91E7C16222DC4A6C00C3EB04 /* Info.plist */ = {isa = PBXFileReference; lastKnownFileType = text.plist.xml; path = Info.plist; sourceTree = "<group>"; };
		91E7C16322DC4A6C00C3EB04 /* main.m */ = {isa = PBXFileReference; lastKnownFileType = sourcecode.c.objc; path = main.m; sourceTree = "<group>"; };
		91E7C16922DC4A6C00C3EB04 /* AnimationCellTests.xctest */ = {isa = PBXFileReference; explicitFileType = wrapper.cfbundle; includeInIndex = 0; path = AnimationCellTests.xctest; sourceTree = BUILT_PRODUCTS_DIR; };
		91E7C16D22DC4A6C00C3EB04 /* AnimationCellTests.m */ = {isa = PBXFileReference; lastKnownFileType = sourcecode.c.objc; path = AnimationCellTests.m; sourceTree = "<group>"; };
		91E7C16F22DC4A6C00C3EB04 /* Info.plist */ = {isa = PBXFileReference; lastKnownFileType = text.plist.xml; path = Info.plist; sourceTree = "<group>"; };
		91E7C17422DC4A6C00C3EB04 /* AnimationCellUITests.xctest */ = {isa = PBXFileReference; explicitFileType = wrapper.cfbundle; includeInIndex = 0; path = AnimationCellUITests.xctest; sourceTree = BUILT_PRODUCTS_DIR; };
		91E7C17822DC4A6C00C3EB04 /* AnimationCellUITests.m */ = {isa = PBXFileReference; lastKnownFileType = sourcecode.c.objc; path = AnimationCellUITests.m; sourceTree = "<group>"; };
		91E7C17A22DC4A6C00C3EB04 /* Info.plist */ = {isa = PBXFileReference; lastKnownFileType = text.plist.xml; path = Info.plist; sourceTree = "<group>"; };
		91E7C18622DC4D4100C3EB04 /* TestModel.h */ = {isa = PBXFileReference; lastKnownFileType = sourcecode.c.h; path = TestModel.h; sourceTree = "<group>"; };
		91E7C18722DC4D4100C3EB04 /* TestModel.m */ = {isa = PBXFileReference; lastKnownFileType = sourcecode.c.objc; path = TestModel.m; sourceTree = "<group>"; };
		91E7C18922DC4EBA00C3EB04 /* TestTableViewCell.h */ = {isa = PBXFileReference; lastKnownFileType = sourcecode.c.h; path = TestTableViewCell.h; sourceTree = "<group>"; };
		91E7C18A22DC4EBA00C3EB04 /* TestTableViewCell.m */ = {isa = PBXFileReference; lastKnownFileType = sourcecode.c.objc; path = TestTableViewCell.m; sourceTree = "<group>"; };
		91E7C18C22DC4FDC00C3EB04 /* UIView+Frame.m */ = {isa = PBXFileReference; fileEncoding = 4; lastKnownFileType = sourcecode.c.objc; path = "UIView+Frame.m"; sourceTree = "<group>"; };
		91E7C18D22DC4FDD00C3EB04 /* UIView+Frame.h */ = {isa = PBXFileReference; fileEncoding = 4; lastKnownFileType = sourcecode.c.h; path = "UIView+Frame.h"; sourceTree = "<group>"; };
/* End PBXFileReference section */

/* Begin PBXFrameworksBuildPhase section */
		91E7C14E22DC4A6900C3EB04 /* Frameworks */ = {
			isa = PBXFrameworksBuildPhase;
			buildActionMask = 2147483647;
			files = (
			);
			runOnlyForDeploymentPostprocessing = 0;
		};
		91E7C16622DC4A6C00C3EB04 /* Frameworks */ = {
			isa = PBXFrameworksBuildPhase;
			buildActionMask = 2147483647;
			files = (
			);
			runOnlyForDeploymentPostprocessing = 0;
		};
		91E7C17122DC4A6C00C3EB04 /* Frameworks */ = {
			isa = PBXFrameworksBuildPhase;
			buildActionMask = 2147483647;
			files = (
			);
			runOnlyForDeploymentPostprocessing = 0;
		};
/* End PBXFrameworksBuildPhase section */

/* Begin PBXGroup section */
		91E7C14822DC4A6900C3EB04 = {
			isa = PBXGroup;
			children = (
				91E7C15322DC4A6900C3EB04 /* AnimationCell */,
				91E7C16C22DC4A6C00C3EB04 /* AnimationCellTests */,
				91E7C17722DC4A6C00C3EB04 /* AnimationCellUITests */,
				91E7C15222DC4A6900C3EB04 /* Products */,
			);
			sourceTree = "<group>";
		};
		91E7C15222DC4A6900C3EB04 /* Products */ = {
			isa = PBXGroup;
			children = (
				91E7C15122DC4A6900C3EB04 /* AnimationCell.app */,
				91E7C16922DC4A6C00C3EB04 /* AnimationCellTests.xctest */,
				91E7C17422DC4A6C00C3EB04 /* AnimationCellUITests.xctest */,
			);
			name = Products;
			sourceTree = "<group>";
		};
		91E7C15322DC4A6900C3EB04 /* AnimationCell */ = {
			isa = PBXGroup;
			children = (
				91E7C15422DC4A6900C3EB04 /* AppDelegate.h */,
				91E7C15522DC4A6900C3EB04 /* AppDelegate.m */,
				91E7C15722DC4A6900C3EB04 /* ViewController.h */,
				91E7C15822DC4A6900C3EB04 /* ViewController.m */,
				91E7C18922DC4EBA00C3EB04 /* TestTableViewCell.h */,
				91E7C18A22DC4EBA00C3EB04 /* TestTableViewCell.m */,
				91E7C18D22DC4FDD00C3EB04 /* UIView+Frame.h */,
				91E7C18C22DC4FDC00C3EB04 /* UIView+Frame.m */,
				91E7C18622DC4D4100C3EB04 /* TestModel.h */,
				91E7C18722DC4D4100C3EB04 /* TestModel.m */,
				91E7C15A22DC4A6900C3EB04 /* Main.storyboard */,
				91E7C15D22DC4A6C00C3EB04 /* Assets.xcassets */,
				91E7C15F22DC4A6C00C3EB04 /* LaunchScreen.storyboard */,
				91E7C16222DC4A6C00C3EB04 /* Info.plist */,
				91E7C16322DC4A6C00C3EB04 /* main.m */,
				91291EC722E7EFAB009AF52F /* demo.PNG */,
			);
			path = AnimationCell;
			sourceTree = "<group>";
		};
		91E7C16C22DC4A6C00C3EB04 /* AnimationCellTests */ = {
			isa = PBXGroup;
			children = (
				91E7C16D22DC4A6C00C3EB04 /* AnimationCellTests.m */,
				91E7C16F22DC4A6C00C3EB04 /* Info.plist */,
			);
			path = AnimationCellTests;
			sourceTree = "<group>";
		};
		91E7C17722DC4A6C00C3EB04 /* AnimationCellUITests */ = {
			isa = PBXGroup;
			children = (
				91E7C17822DC4A6C00C3EB04 /* AnimationCellUITests.m */,
				91E7C17A22DC4A6C00C3EB04 /* Info.plist */,
			);
			path = AnimationCellUITests;
			sourceTree = "<group>";
		};
/* End PBXGroup section */

/* Begin PBXNativeTarget section */
		91E7C15022DC4A6900C3EB04 /* AnimationCell */ = {
			isa = PBXNativeTarget;
			buildConfigurationList = 91E7C17D22DC4A6C00C3EB04 /* Build configuration list for PBXNativeTarget "AnimationCell" */;
			buildPhases = (
				91E7C14D22DC4A6900C3EB04 /* Sources */,
				91E7C14E22DC4A6900C3EB04 /* Frameworks */,
				91E7C14F22DC4A6900C3EB04 /* Resources */,
			);
			buildRules = (
			);
			dependencies = (
			);
			name = AnimationCell;
			productName = AnimationCell;
			productReference = 91E7C15122DC4A6900C3EB04 /* AnimationCell.app */;
			productType = "com.apple.product-type.application";
		};
		91E7C16822DC4A6C00C3EB04 /* AnimationCellTests */ = {
			isa = PBXNativeTarget;
			buildConfigurationList = 91E7C18022DC4A6C00C3EB04 /* Build configuration list for PBXNativeTarget "AnimationCellTests" */;
			buildPhases = (
				91E7C16522DC4A6C00C3EB04 /* Sources */,
				91E7C16622DC4A6C00C3EB04 /* Frameworks */,
				91E7C16722DC4A6C00C3EB04 /* Resources */,
			);
			buildRules = (
			);
			dependencies = (
				91E7C16B22DC4A6C00C3EB04 /* PBXTargetDependency */,
			);
			name = AnimationCellTests;
			productName = AnimationCellTests;
			productReference = 91E7C16922DC4A6C00C3EB04 /* AnimationCellTests.xctest */;
			productType = "com.apple.product-type.bundle.unit-test";
		};
		91E7C17322DC4A6C00C3EB04 /* AnimationCellUITests */ = {
			isa = PBXNativeTarget;
			buildConfigurationList = 91E7C18322DC4A6C00C3EB04 /* Build configuration list for PBXNativeTarget "AnimationCellUITests" */;
			buildPhases = (
				91E7C17022DC4A6C00C3EB04 /* Sources */,
				91E7C17122DC4A6C00C3EB04 /* Frameworks */,
				91E7C17222DC4A6C00C3EB04 /* Resources */,
			);
			buildRules = (
			);
			dependencies = (
				91E7C17622DC4A6C00C3EB04 /* PBXTargetDependency */,
			);
			name = AnimationCellUITests;
			productName = AnimationCellUITests;
			productReference = 91E7C17422DC4A6C00C3EB04 /* AnimationCellUITests.xctest */;
			productType = "com.apple.product-type.bundle.ui-testing";
		};
/* End PBXNativeTarget section */

/* Begin PBXProject section */
		91E7C14922DC4A6900C3EB04 /* Project object */ = {
			isa = PBXProject;
			attributes = {
				LastUpgradeCheck = 1010;
				ORGANIZATIONNAME = smppw_zwq;
				TargetAttributes = {
					91E7C15022DC4A6900C3EB04 = {
						CreatedOnToolsVersion = 10.1;
					};
					91E7C16822DC4A6C00C3EB04 = {
						CreatedOnToolsVersion = 10.1;
						TestTargetID = 91E7C15022DC4A6900C3EB04;
					};
					91E7C17322DC4A6C00C3EB04 = {
						CreatedOnToolsVersion = 10.1;
						TestTargetID = 91E7C15022DC4A6900C3EB04;
					};
				};
			};
			buildConfigurationList = 91E7C14C22DC4A6900C3EB04 /* Build configuration list for PBXProject "AnimationCell" */;
			compatibilityVersion = "Xcode 9.3";
			developmentRegion = en;
			hasScannedForEncodings = 0;
			knownRegions = (
				en,
				Base,
			);
			mainGroup = 91E7C14822DC4A6900C3EB04;
			productRefGroup = 91E7C15222DC4A6900C3EB04 /* Products */;
			projectDirPath = "";
			projectRoot = "";
			targets = (
				91E7C15022DC4A6900C3EB04 /* AnimationCell */,
				91E7C16822DC4A6C00C3EB04 /* AnimationCellTests */,
				91E7C17322DC4A6C00C3EB04 /* AnimationCellUITests */,
			);
		};
/* End PBXProject section */

/* Begin PBXResourcesBuildPhase section */
		91E7C14F22DC4A6900C3EB04 /* Resources */ = {
			isa = PBXResourcesBuildPhase;
			buildActionMask = 2147483647;
			files = (
				91291EC822E7EFAB009AF52F /* demo.PNG in Resources */,
				91E7C16122DC4A6C00C3EB04 /* LaunchScreen.storyboard in Resources */,
				91E7C15E22DC4A6C00C3EB04 /* Assets.xcassets in Resources */,
				91E7C15C22DC4A6900C3EB04 /* Main.storyboard in Resources */,
			);
			runOnlyForDeploymentPostprocessing = 0;
		};
		91E7C16722DC4A6C00C3EB04 /* Resources */ = {
			isa = PBXResourcesBuildPhase;
			buildActionMask = 2147483647;
			files = (
			);
			runOnlyForDeploymentPostprocessing = 0;
		};
		91E7C17222DC4A6C00C3EB04 /* Resources */ = {
			isa = PBXResourcesBuildPhase;
			buildActionMask = 2147483647;
			files = (
			);
			runOnlyForDeploymentPostprocessing = 0;
		};
/* End PBXResourcesBuildPhase section */

/* Begin PBXSourcesBuildPhase section */
		91E7C14D22DC4A6900C3EB04 /* Sources */ = {
			isa = PBXSourcesBuildPhase;
			buildActionMask = 2147483647;
			files = (
				91E7C18E22DC4FDD00C3EB04 /* UIView+Frame.m in Sources */,
				91E7C15922DC4A6900C3EB04 /* ViewController.m in Sources */,
				91E7C18B22DC4EBA00C3EB04 /* TestTableViewCell.m in Sources */,
				91E7C16422DC4A6C00C3EB04 /* main.m in Sources */,
				91E7C15622DC4A6900C3EB04 /* AppDelegate.m in Sources */,
				91E7C18822DC4D4100C3EB04 /* TestModel.m in Sources */,
			);
			runOnlyForDeploymentPostprocessing = 0;
		};
		91E7C16522DC4A6C00C3EB04 /* Sources */ = {
			isa = PBXSourcesBuildPhase;
			buildActionMask = 2147483647;
			files = (
				91E7C16E22DC4A6C00C3EB04 /* AnimationCellTests.m in Sources */,
			);
			runOnlyForDeploymentPostprocessing = 0;
		};
		91E7C17022DC4A6C00C3EB04 /* Sources */ = {
			isa = PBXSourcesBuildPhase;
			buildActionMask = 2147483647;
			files = (
				91E7C17922DC4A6C00C3EB04 /* AnimationCellUITests.m in Sources */,
			);
			runOnlyForDeploymentPostprocessing = 0;
		};
/* End PBXSourcesBuildPhase section */

/* Begin PBXTargetDependency section */
		91E7C16B22DC4A6C00C3EB04 /* PBXTargetDependency */ = {
			isa = PBXTargetDependency;
			target = 91E7C15022DC4A6900C3EB04 /* AnimationCell */;
			targetProxy = 91E7C16A22DC4A6C00C3EB04 /* PBXContainerItemProxy */;
		};
		91E7C17622DC4A6C00C3EB04 /* PBXTargetDependency */ = {
			isa = PBXTargetDependency;
			target = 91E7C15022DC4A6900C3EB04 /* AnimationCell */;
			targetProxy = 91E7C17522DC4A6C00C3EB04 /* PBXContainerItemProxy */;
		};
/* End PBXTargetDependency section */

/* Begin PBXVariantGroup section */
		91E7C15A22DC4A6900C3EB04 /* Main.storyboard */ = {
			isa = PBXVariantGroup;
			children = (
				91E7C15B22DC4A6900C3EB04 /* Base */,
			);
			name = Main.storyboard;
			sourceTree = "<group>";
		};
		91E7C15F22DC4A6C00C3EB04 /* LaunchScreen.storyboard */ = {
			isa = PBXVariantGroup;
			children = (
				91E7C16022DC4A6C00C3EB04 /* Base */,
			);
			name = LaunchScreen.storyboard;
			sourceTree = "<group>";
		};
/* End PBXVariantGroup section */

/* Begin XCBuildConfiguration section */
		91E7C17B22DC4A6C00C3EB04 /* Debug */ = {
			isa = XCBuildConfiguration;
			buildSettings = {
				ALWAYS_SEARCH_USER_PATHS = NO;
				CLANG_ANALYZER_NONNULL = YES;
				CLANG_ANALYZER_NUMBER_OBJECT_CONVERSION = YES_AGGRESSIVE;
				CLANG_CXX_LANGUAGE_STANDARD = "gnu++14";
				CLANG_CXX_LIBRARY = "libc++";
				CLANG_ENABLE_MODULES = YES;
				CLANG_ENABLE_OBJC_ARC = YES;
				CLANG_ENABLE_OBJC_WEAK = YES;
				CLANG_WARN_BLOCK_CAPTURE_AUTORELEASING = YES;
				CLANG_WARN_BOOL_CONVERSION = YES;
				CLANG_WARN_COMMA = YES;
				CLANG_WARN_CONSTANT_CONVERSION = YES;
				CLANG_WARN_DEPRECATED_OBJC_IMPLEMENTATIONS = YES;
				CLANG_WARN_DIRECT_OBJC_ISA_USAGE = YES_ERROR;
				CLANG_WARN_DOCUMENTATION_COMMENTS = YES;
				CLANG_WARN_EMPTY_BODY = YES;
				CLANG_WARN_ENUM_CONVERSION = YES;
				CLANG_WARN_INFINITE_RECURSION = YES;
				CLANG_WARN_INT_CONVERSION = YES;
				CLANG_WARN_NON_LITERAL_NULL_CONVERSION = YES;
				CLANG_WARN_OBJC_IMPLICIT_RETAIN_SELF = YES;
				CLANG_WARN_OBJC_LITERAL_CONVERSION = YES;
				CLANG_WARN_OBJC_ROOT_CLASS = YES_ERROR;
				CLANG_WARN_RANGE_LOOP_ANALYSIS = YES;
				CLANG_WARN_STRICT_PROTOTYPES = YES;
				CLANG_WARN_SUSPICIOUS_MOVE = YES;
				CLANG_WARN_UNGUARDED_AVAILABILITY = YES_AGGRESSIVE;
				CLANG_WARN_UNREACHABLE_CODE = YES;
				CLANG_WARN__DUPLICATE_METHOD_MATCH = YES;
				CODE_SIGN_IDENTITY = "iPhone Developer";
				COPY_PHASE_STRIP = NO;
				DEBUG_INFORMATION_FORMAT = dwarf;
				ENABLE_STRICT_OBJC_MSGSEND = YES;
				ENABLE_TESTABILITY = YES;
				GCC_C_LANGUAGE_STANDARD = gnu11;
				GCC_DYNAMIC_NO_PIC = NO;
				GCC_NO_COMMON_BLOCKS = YES;
				GCC_OPTIMIZATION_LEVEL = 0;
				GCC_PREPROCESSOR_DEFINITIONS = (
					"DEBUG=1",
					"$(inherited)",
				);
				GCC_WARN_64_TO_32_BIT_CONVERSION = YES;
				GCC_WARN_ABOUT_RETURN_TYPE = YES_ERROR;
				GCC_WARN_UNDECLARED_SELECTOR = YES;
				GCC_WARN_UNINITIALIZED_AUTOS = YES_AGGRESSIVE;
				GCC_WARN_UNUSED_FUNCTION = YES;
				GCC_WARN_UNUSED_VARIABLE = YES;
				IPHONEOS_DEPLOYMENT_TARGET = 12.1;
				MTL_ENABLE_DEBUG_INFO = INCLUDE_SOURCE;
				MTL_FAST_MATH = YES;
				ONLY_ACTIVE_ARCH = YES;
				SDKROOT = iphoneos;
			};
			name = Debug;
		};
		91E7C17C22DC4A6C00C3EB04 /* Release */ = {
			isa = XCBuildConfiguration;
			buildSettings = {
				ALWAYS_SEARCH_USER_PATHS = NO;
				CLANG_ANALYZER_NONNULL = YES;
				CLANG_ANALYZER_NUMBER_OBJECT_CONVERSION = YES_AGGRESSIVE;
				CLANG_CXX_LANGUAGE_STANDARD = "gnu++14";
				CLANG_CXX_LIBRARY = "libc++";
				CLANG_ENABLE_MODULES = YES;
				CLANG_ENABLE_OBJC_ARC = YES;
				CLANG_ENABLE_OBJC_WEAK = YES;
				CLANG_WARN_BLOCK_CAPTURE_AUTORELEASING = YES;
				CLANG_WARN_BOOL_CONVERSION = YES;
				CLANG_WARN_COMMA = YES;
				CLANG_WARN_CONSTANT_CONVERSION = YES;
				CLANG_WARN_DEPRECATED_OBJC_IMPLEMENTATIONS = YES;
				CLANG_WARN_DIRECT_OBJC_ISA_USAGE = YES_ERROR;
				CLANG_WARN_DOCUMENTATION_COMMENTS = YES;
				CLANG_WARN_EMPTY_BODY = YES;
				CLANG_WARN_ENUM_CONVERSION = YES;
				CLANG_WARN_INFINITE_RECURSION = YES;
				CLANG_WARN_INT_CONVERSION = YES;
				CLANG_WARN_NON_LITERAL_NULL_CONVERSION = YES;
				CLANG_WARN_OBJC_IMPLICIT_RETAIN_SELF = YES;
				CLANG_WARN_OBJC_LITERAL_CONVERSION = YES;
				CLANG_WARN_OBJC_ROOT_CLASS = YES_ERROR;
				CLANG_WARN_RANGE_LOOP_ANALYSIS = YES;
				CLANG_WARN_STRICT_PROTOTYPES = YES;
				CLANG_WARN_SUSPICIOUS_MOVE = YES;
				CLANG_WARN_UNGUARDED_AVAILABILITY = YES_AGGRESSIVE;
				CLANG_WARN_UNREACHABLE_CODE = YES;
				CLANG_WARN__DUPLICATE_METHOD_MATCH = YES;
				CODE_SIGN_IDENTITY = "iPhone Developer";
				COPY_PHASE_STRIP = NO;
				DEBUG_INFORMATION_FORMAT = "dwarf-with-dsym";
				ENABLE_NS_ASSERTIONS = NO;
				ENABLE_STRICT_OBJC_MSGSEND = YES;
				GCC_C_LANGUAGE_STANDARD = gnu11;
				GCC_NO_COMMON_BLOCKS = YES;
				GCC_WARN_64_TO_32_BIT_CONVERSION = YES;
				GCC_WARN_ABOUT_RETURN_TYPE = YES_ERROR;
				GCC_WARN_UNDECLARED_SELECTOR = YES;
				GCC_WARN_UNINITIALIZED_AUTOS = YES_AGGRESSIVE;
				GCC_WARN_UNUSED_FUNCTION = YES;
				GCC_WARN_UNUSED_VARIABLE = YES;
				IPHONEOS_DEPLOYMENT_TARGET = 12.1;
				MTL_ENABLE_DEBUG_INFO = NO;
				MTL_FAST_MATH = YES;
				SDKROOT = iphoneos;
				VALIDATE_PRODUCT = YES;
			};
			name = Release;
		};
		91E7C17E22DC4A6C00C3EB04 /* Debug */ = {
			isa = XCBuildConfiguration;
			buildSettings = {
				ASSETCATALOG_COMPILER_APPICON_NAME = AppIcon;
				CODE_SIGN_STYLE = Automatic;
				DEVELOPMENT_TEAM = K46GEEFX7E;
				INFOPLIST_FILE = AnimationCell/Info.plist;
				IPHONEOS_DEPLOYMENT_TARGET = 9.0;
				LD_RUNPATH_SEARCH_PATHS = (
					"$(inherited)",
					"@executable_path/Frameworks",
				);
				PRODUCT_BUNDLE_IDENTIFIER = smppw.AnimationCell;
				PRODUCT_NAME = "$(TARGET_NAME)";
				TARGETED_DEVICE_FAMILY = "1,2";
			};
			name = Debug;
		};
		91E7C17F22DC4A6C00C3EB04 /* Release */ = {
			isa = XCBuildConfiguration;
			buildSettings = {
				ASSETCATALOG_COMPILER_APPICON_NAME = AppIcon;
				CODE_SIGN_STYLE = Automatic;
				DEVELOPMENT_TEAM = K46GEEFX7E;
				INFOPLIST_FILE = AnimationCell/Info.plist;
				IPHONEOS_DEPLOYMENT_TARGET = 9.0;
				LD_RUNPATH_SEARCH_PATHS = (
					"$(inherited)",
					"@executable_path/Frameworks",
				);
				PRODUCT_BUNDLE_IDENTIFIER = smppw.AnimationCell;
				PRODUCT_NAME = "$(TARGET_NAME)";
				TARGETED_DEVICE_FAMILY = "1,2";
			};
			name = Release;
		};
		91E7C18122DC4A6C00C3EB04 /* Debug */ = {
			isa = XCBuildConfiguration;
			buildSettings = {
				BUNDLE_LOADER = "$(TEST_HOST)";
				CODE_SIGN_STYLE = Automatic;
				DEVELOPMENT_TEAM = K46GEEFX7E;
				INFOPLIST_FILE = AnimationCellTests/Info.plist;
				LD_RUNPATH_SEARCH_PATHS = (
					"$(inherited)",
					"@executable_path/Frameworks",
					"@loader_path/Frameworks",
				);
				PRODUCT_BUNDLE_IDENTIFIER = smppw.AnimationCellTests;
				PRODUCT_NAME = "$(TARGET_NAME)";
				TARGETED_DEVICE_FAMILY = "1,2";
				TEST_HOST = "$(BUILT_PRODUCTS_DIR)/AnimationCell.app/AnimationCell";
			};
			name = Debug;
		};
		91E7C18222DC4A6C00C3EB04 /* Release */ = {
			isa = XCBuildConfiguration;
			buildSettings = {
				BUNDLE_LOADER = "$(TEST_HOST)";
				CODE_SIGN_STYLE = Automatic;
				DEVELOPMENT_TEAM = K46GEEFX7E;
				INFOPLIST_FILE = AnimationCellTests/Info.plist;
				LD_RUNPATH_SEARCH_PATHS = (
					"$(inherited)",
					"@executable_path/Frameworks",
					"@loader_path/Frameworks",
				);
				PRODUCT_BUNDLE_IDENTIFIER = smppw.AnimationCellTests;
				PRODUCT_NAME = "$(TARGET_NAME)";
				TARGETED_DEVICE_FAMILY = "1,2";
				TEST_HOST = "$(BUILT_PRODUCTS_DIR)/AnimationCell.app/AnimationCell";
			};
			name = Release;
		};
		91E7C18422DC4A6C00C3EB04 /* Debug */ = {
			isa = XCBuildConfiguration;
			buildSettings = {
				CODE_SIGN_STYLE = Automatic;
				DEVELOPMENT_TEAM = K46GEEFX7E;
				INFOPLIST_FILE = AnimationCellUITests/Info.plist;
				LD_RUNPATH_SEARCH_PATHS = (
					"$(inherited)",
					"@executable_path/Frameworks",
					"@loader_path/Frameworks",
				);
				PRODUCT_BUNDLE_IDENTIFIER = smppw.AnimationCellUITests;
				PRODUCT_NAME = "$(TARGET_NAME)";
				TARGETED_DEVICE_FAMILY = "1,2";
				TEST_TARGET_NAME = AnimationCell;
			};
			name = Debug;
		};
		91E7C18522DC4A6C00C3EB04 /* Release */ = {
			isa = XCBuildConfiguration;
			buildSettings = {
				CODE_SIGN_STYLE = Automatic;
				DEVELOPMENT_TEAM = K46GEEFX7E;
				INFOPLIST_FILE = AnimationCellUITests/Info.plist;
				LD_RUNPATH_SEARCH_PATHS = (
					"$(inherited)",
					"@executable_path/Frameworks",
					"@loader_path/Frameworks",
				);
				PRODUCT_BUNDLE_IDENTIFIER = smppw.AnimationCellUITests;
				PRODUCT_NAME = "$(TARGET_NAME)";
				TARGETED_DEVICE_FAMILY = "1,2";
				TEST_TARGET_NAME = AnimationCell;
			};
			name = Release;
		};
/* End XCBuildConfiguration section */

/* Begin XCConfigurationList section */
		91E7C14C22DC4A6900C3EB04 /* Build configuration list for PBXProject "AnimationCell" */ = {
			isa = XCConfigurationList;
			buildConfigurations = (
				91E7C17B22DC4A6C00C3EB04 /* Debug */,
				91E7C17C22DC4A6C00C3EB04 /* Release */,
			);
			defaultConfigurationIsVisible = 0;
			defaultConfigurationName = Release;
		};
		91E7C17D22DC4A6C00C3EB04 /* Build configuration list for PBXNativeTarget "AnimationCell" */ = {
			isa = XCConfigurationList;
			buildConfigurations = (
				91E7C17E22DC4A6C00C3EB04 /* Debug */,
				91E7C17F22DC4A6C00C3EB04 /* Release */,
			);
			defaultConfigurationIsVisible = 0;
			defaultConfigurationName = Release;
		};
		91E7C18022DC4A6C00C3EB04 /* Build configuration list for PBXNativeTarget "AnimationCellTests" */ = {
			isa = XCConfigurationList;
			buildConfigurations = (
				91E7C18122DC4A6C00C3EB04 /* Debug */,
				91E7C18222DC4A6C00C3EB04 /* Release */,
			);
			defaultConfigurationIsVisible = 0;
			defaultConfigurationName = Release;
		};
		91E7C18322DC4A6C00C3EB04 /* Build configuration list for PBXNativeTarget "AnimationCellUITests" */ = {
			isa = XCConfigurationList;
			buildConfigurations = (
				91E7C18422DC4A6C00C3EB04 /* Debug */,
				91E7C18522DC4A6C00C3EB04 /* Release */,
			);
			defaultConfigurationIsVisible = 0;
			defaultConfigurationName = Release;
		};
/* End XCConfigurationList section */
	};
	rootObject = 91E7C14922DC4A6900C3EB04 /* Project object */;
}
